{
  "name": "words-you-keep",
  "version": "0.1.0",
  "lockfileVersion": 3,
  "requires": true,
  "packages": {
    "": {
      "name": "words-you-keep",
      "version": "0.1.0",
      "dependencies": {
        "polygon-clipping": "0.15.7",
        "three": "0.170.0"
      }
    },
    "node_modules/polygon-clipping": {
      "version": "0.15.7",
      "resolved": "https://registry.npmjs.org/polygon-clipping/-/polygon-clipping-0.15.7.tgz",
      "integrity": "sha512-nhfdr83ECBg6xtqOAJab1tbksbBAOMUltN60bU+llHVOL0e5Onm1WpAXXWXVB39L8AJFssoIhEVuy/S90MmotA==",
      "license": "MIT",
      "dependencies": {
        "robust-predicates": "^3.0.2",
        "splaytree": "^3.1.0"
      }
    },
    "node_modules/robust-predicates": {
      "version": "3.0.3",
      "resolved": "https://registry.npmjs.org/robust-predicates/-/robust-predicates-3.0.3.tgz",
      "integrity": "sha512-NS3levdsRIUOmiJ8FZWCP7LG3QpJyrs/TE0Zpf1yvZu8cAJJ6QMW92H1c7kWpdIHo8RvmLxN/o2JXTKHp74lUA==",
      "license": "Unlicense"
    },
    "node_modules/splaytree": {
      "version": "3.2.3",
      "resolved": "https://registry.npmjs.org/splaytree/-/splaytree-3.2.3.tgz",
      "integrity": "sha512-7OXrNWzy6CK+r7Ch9OLPBDTKfB6XlWHjX4P0RU5B3IgFuWPeYN0XtRtlexGRjgbQxpfaUve6jTAwBGWuGntz/w==",
      "license": "MIT",
      "engines": {
        "node": ">=18.20 || >=20"
      }
    },
    "node_modules/three": {
      "version": "0.170.0",
      "resolved": "https://registry.npmjs.org/three/-/three-0.170.0.tgz",
      "integrity": "sha512-FQK+LEpYc0fBD+J8g6oSEyyNzjp+Q7Ks1C568WWaoMRLW+TkNNWmenWeGgJjV105Gd+p/2ql1ZcjYvNiPZBhuQ==",
      "license": "MIT"
    }
  }
}
